// !$*UTF8*$!
{
	archiveVersion = 1;
	classes = {
	};
	objectVersion = 46;
	objects = {

/* Begin PBXBuildFile section */
		259908821EAE1425007F05E3 /* AppDelegate.swift in Sources */ = {isa = PBXBuildFile; fileRef = 259908811EAE1425007F05E3 /* AppDelegate.swift */; };
		259908841EAE1425007F05E3 /* ViewController.swift in Sources */ = {isa = PBXBuildFile; fileRef = 259908831EAE1425007F05E3 /* ViewController.swift */; };
		259908871EAE1425007F05E3 /* Main.storyboard in Resources */ = {isa = PBXBuildFile; fileRef = 259908851EAE1425007F05E3 /* Main.storyboard */; };
		259908891EAE1426007F05E3 /* Assets.xcassets in Resources */ = {isa = PBXBuildFile; fileRef = 259908881EAE1426007F05E3 /* Assets.xcassets */; };
		2599088C1EAE1426007F05E3 /* LaunchScreen.storyboard in Resources */ = {isa = PBXBuildFile; fileRef = 2599088A1EAE1426007F05E3 /* LaunchScreen.storyboard */; };
/* End PBXBuildFile section */

/* Begin PBXFileReference section */
		2599087E1EAE1425007F05E3 /* POCPhenix.app */ = {isa = PBXFileReference; explicitFileType = wrapper.application; includeInIndex = 0; path = POCPhenix.app; sourceTree = BUILT_PRODUCTS_DIR; };
		259908811EAE1425007F05E3 /* AppDelegate.swift */ = {isa = PBXFileReference; lastKnownFileType = sourcecode.swift; path = AppDelegate.swift; sourceTree = "<group>"; };
		259908831EAE1425007F05E3 /* ViewController.swift */ = {isa = PBXFileReference; lastKnownFileType = sourcecode.swift; path = ViewController.swift; sourceTree = "<group>"; };
		259908861EAE1425007F05E3 /* Base */ = {isa = PBXFileReference; lastKnownFileType = file.storyboard; name = Base; path = Base.lproj/Main.storyboard; sourceTree = "<group>"; };
		259908881EAE1426007F05E3 /* Assets.xcassets */ = {isa = PBXFileReference; lastKnownFileType = folder.assetcatalog; path = Assets.xcassets; sourceTree = "<group>"; };
		2599088B1EAE1426007F05E3 /* Base */ = {isa = PBXFileReference; lastKnownFileType = file.storyboard; name = Base; path = Base.lproj/LaunchScreen.storyboard; sourceTree = "<group>"; };
		2599088D1EAE1426007F05E3 /* Info.plist */ = {isa = PBXFileReference; lastKnownFileType = text.plist.xml; path = Info.plist; sourceTree = "<group>"; };
/* End PBXFileReference section */

/* Begin PBXFrameworksBuildPhase section */
		2599087B1EAE1424007F05E3 /* Frameworks */ = {
			isa = PBXFrameworksBuildPhase;
			buildActionMask = 2147483647;
			files = (
			);
			runOnlyForDeploymentPostprocessing = 0;
		};
/* End PBXFrameworksBuildPhase section */

/* Begin PBXGroup section */
		259908751EAE1424007F05E3 = {
			isa = PBXGroup;
			children = (
				259908801EAE1425007F05E3 /* POCPhenix */,
				2599087F1EAE1425007F05E3 /* Products */,
			);
			sourceTree = "<group>";
		};
		2599087F1EAE1425007F05E3 /* Products */ = {
			isa = PBXGroup;
			children = (
				2599087E1EAE1425007F05E3 /* POCPhenix.app */,
			);
			name = Products;
			sourceTree = "<group>";
		};
		259908801EAE1425007F05E3 /* POCPhenix */ = {
			isa = PBXGroup;
			children = (
				259908811EAE1425007F05E3 /* AppDelegate.swift */,
				259908831EAE1425007F05E3 /* ViewController.swift */,
				259908851EAE1425007F05E3 /* Main.storyboard */,
				259908881EAE1426007F05E3 /* Assets.xcassets */,
				2599088A1EAE1426007F05E3 /* LaunchScreen.storyboard */,
				2599088D1EAE1426007F05E3 /* Info.plist */,
			);
			path = POCPhenix;
			sourceTree = "<group>";
		};
/* End PBXGroup section */

/* Begin PBXNativeTarget section */
		2599087D1EAE1424007F05E3 /* POCPhenix */ = {
			isa = PBXNativeTarget;
			buildConfigurationList = 259908901EAE1426007F05E3 /* Build configuration list for PBXNativeTarget "POCPhenix" */;
			buildPhases = (
				2599087A1EAE1424007F05E3 /* Sources */,
				2599087B1EAE1424007F05E3 /* Frameworks */,
				2599087C1EAE1424007F05E3 /* Resources */,
			);
			buildRules = (
			);
			dependencies = (
			);
			name = POCPhenix;
			productName = POCPhenix;
			productReference = 2599087E1EAE1425007F05E3 /* POCPhenix.app */;
			productType = "com.apple.product-type.application";
		};
/* End PBXNativeTarget section */

/* Begin PBXProject section */
		259908761EAE1424007F05E3 /* Project object */ = {
			isa = PBXProject;
			attributes = {
				LastSwiftUpdateCheck = 0730;
				LastUpgradeCheck = 0730;
				ORGANIZATIONNAME = "WinTerrain Technology";
				TargetAttributes = {
					2599087D1EAE1424007F05E3 = {
						CreatedOnToolsVersion = 7.3.1;
					};
				};
			};
			buildConfigurationList = 259908791EAE1424007F05E3 /* Build configuration list for PBXProject "POCPhenix" */;
			compatibilityVersion = "Xcode 3.2";
			developmentRegion = English;
			hasScannedForEncodings = 0;
			knownRegions = (
				en,
				Base,
			);
			mainGroup = 259908751EAE1424007F05E3;
			productRefGroup = 2599087F1EAE1425007F05E3 /* Products */;
			projectDirPath = "";
			projectRoot = "";
			targets = (
				2599087D1EAE1424007F05E3 /* POCPhenix */,
			);
		};
/* End PBXProject section */

/* Begin PBXResourcesBuildPhase section */
		2599087C1EAE1424007F05E3 /* Resources */ = {
			isa = PBXResourcesBuildPhase;
			buildActionMask = 2147483647;
			files = (
				2599088C1EAE1426007F05E3 /* LaunchScreen.storyboard in Resources */,
				259908891EAE1426007F05E3 /* Assets.xcassets in Resources */,
				259908871EAE1425007F05E3 /* Main.storyboard in Resources */,
			);
			runOnlyForDeploymentPostprocessing = 0;
		};
/* End PBXResourcesBuildPhase section */

/* Begin PBXSourcesBuildPhase section */
		2599087A1EAE1424007F05E3 /* Sources */ = {
			isa = PBXSourcesBuildPhase;
			buildActionMask = 2147483647;
			files = (
				259908841EAE1425007F05E3 /* ViewController.swift in Sources */,
				259908821EAE1425007F05E3 /* AppDelegate.swift in Sources */,
			);
			runOnlyForDeploymentPostprocessing = 0;
		};
/* End PBXSourcesBuildPhase section */

/* Begin PBXVariantGroup section */
		259908851EAE1425007F05E3 /* Main.storyboard */ = {
			isa = PBXVariantGroup;
			children = (
				259908861EAE1425007F05E3 /* Base */,
			);
			name = Main.storyboard;
			sourceTree = "<group>";
		};
		2599088A1EAE1426007F05E3 /* LaunchScreen.storyboard */ = {
			isa = PBXVariantGroup;
			children = (
				2599088B1EAE1426007F05E3 /* Base */,
			);
			name = LaunchScreen.storyboard;
			sourceTree = "<group>";
		};
/* End PBXVariantGroup section */

/* Begin XCBuildConfiguration section */
		2599088E1EAE1426007F05E3 /* Debug */ = {
			isa = XCBuildConfiguration;
			buildSettings = {
				ALWAYS_SEARCH_USER_PATHS = NO;
				CLANG_ANALYZER_NONNULL = YES;
				CLANG_CXX_LANGUAGE_STANDARD = "gnu++0x";
				CLANG_CXX_LIBRARY = "libc++";
				CLANG_ENABLE_MODULES = YES;
				CLANG_ENABLE_OBJC_ARC = YES;
				CLANG_WARN_BOOL_CONVERSION = YES;
				CLANG_WARN_CONSTANT_CONVERSION = YES;
				CLANG_WARN_DIRECT_OBJC_ISA_USAGE = YES_ERROR;
				CLANG_WARN_EMPTY_BODY = YES;
				CLANG_WARN_ENUM_CONVERSION = YES;
				CLANG_WARN_INT_CONVERSION = YES;
				CLANG_WARN_OBJC_ROOT_CLASS = YES_ERROR;
				CLANG_WARN_UNREACHABLE_CODE = YES;
				CLANG_WARN__DUPLICATE_METHOD_MATCH = YES;
				"CODE_SIGN_IDENTITY[sdk=iphoneos*]" = "iPhone Developer";
				COPY_PHASE_STRIP = NO;
				DEBUG_INFORMATION_FORMAT = dwarf;
				ENABLE_STRICT_OBJC_MSGSEND = YES;
				ENABLE_TESTABILITY = YES;
				GCC_C_LANGUAGE_STANDARD = gnu99;
				GCC_DYNAMIC_NO_PIC = NO;
				GCC_NO_COMMON_BLOCKS = YES;
				GCC_OPTIMIZATION_LEVEL = 0;
				GCC_PREPROCESSOR_DEFINITIONS = (
					"DEBUG=1",
					"$(inherited)",
				);
				GCC_WARN_64_TO_32_BIT_CONVERSION = YES;
				GCC_WARN_ABOUT_RETURN_TYPE = YES_ERROR;
				GCC_WARN_UNDECLARED_SELECTOR = YES;
				GCC_WARN_UNINITIALIZED_AUTOS = YES_AGGRESSIVE;
				GCC_WARN_UNUSED_FUNCTION = YES;
				GCC_WARN_UNUSED_VARIABLE = YES;
				IPHONEOS_DEPLOYMENT_TARGET = 9.3;
				MTL_ENABLE_DEBUG_INFO = YES;
				ONLY_ACTIVE_ARCH = YES;
				SDKROOT = iphoneos;
				SWIFT_OPTIMIZATION_LEVEL = "-Onone";
			};
			name = Debug;
		};
		2599088F1EAE1426007F05E3 /* Release */ = {
			isa = XCBuildConfiguration;
			buildSettings = {
				ALWAYS_SEARCH_USER_PATHS = NO;
				CLANG_ANALYZER_NONNULL = YES;
				CLANG_CXX_LANGUAGE_STANDARD = "gnu++0x";
				CLANG_CXX_LIBRARY = "libc++";
				CLANG_ENABLE_MODULES = YES;
				CLANG_ENABLE_OBJC_ARC = YES;
				CLANG_WARN_BOOL_CONVERSION = YES;
				CLANG_WARN_CONSTANT_CONVERSION = YES;
				CLANG_WARN_DIRECT_OBJC_ISA_USAGE = YES_ERROR;
				CLANG_WARN_EMPTY_BODY = YES;
				CLANG_WARN_ENUM_CONVERSION = YES;
				CLANG_WARN_INT_CONVERSION = YES;
				CLANG_WARN_OBJC_ROOT_CLASS = YES_ERROR;
				CLANG_WARN_UNREACHABLE_CODE = YES;
				CLANG_WARN__DUPLICATE_METHOD_MATCH = YES;
				"CODE_SIGN_IDENTITY[sdk=iphoneos*]" = "iPhone Developer";
				COPY_PHASE_STRIP = NO;
				DEBUG_INFORMATION_FORMAT = "dwarf-with-dsym";
				ENABLE_NS_ASSERTIONS = NO;
				ENABLE_STRICT_OBJC_MSGSEND = YES;
				GCC_C_LANGUAGE_STANDARD = gnu99;
				GCC_NO_COMMON_BLOCKS = YES;
				GCC_WARN_64_TO_32_BIT_CONVERSION = YES;
				GCC_WARN_ABOUT_RETURN_TYPE = YES_ERROR;
				GCC_WARN_UNDECLARED_SELECTOR = YES;
				GCC_WARN_UNINITIALIZED_AUTOS = YES_AGGRESSIVE;
				GCC_WARN_UNUSED_FUNCTION = YES;
				GCC_WARN_UNUSED_VARIABLE = YES;
				IPHONEOS_DEPLOYMENT_TARGET = 9.3;
				MTL_ENABLE_DEBUG_INFO = NO;
				SDKROOT = iphoneos;
				VALIDATE_PRODUCT = YES;
			};
			name = Release;
		};
		259908911EAE1426007F05E3 /* Debug */ = {
			isa = XCBuildConfiguration;
			buildSettings = {
				ASSETCATALOG_COMPILER_APPICON_NAME = AppIcon;
				INFOPLIST_FILE = POCPhenix/Info.plist;
				LD_RUNPATH_SEARCH_PATHS = "$(inherited) @executable_path/Frameworks";
				PRODUCT_BUNDLE_IDENTIFIER = com.bhajji.testGPU.POCPhenix;
				PRODUCT_NAME = "$(TARGET_NAME)";
			};
			name = Debug;
		};
		259908921EAE1426007F05E3 /* Release */ = {
			isa = XCBuildConfiguration;
			buildSettings = {
				ASSETCATALOG_COMPILER_APPICON_NAME = AppIcon;
				INFOPLIST_FILE = POCPhenix/Info.plist;
				LD_RUNPATH_SEARCH_PATHS = "$(inherited) @executable_path/Frameworks";
				PRODUCT_BUNDLE_IDENTIFIER = com.bhajji.testGPU.POCPhenix;
				PRODUCT_NAME = "$(TARGET_NAME)";
			};
			name = Release;
		};
/* End XCBuildConfiguration section */

/* Begin XCConfigurationList section */
		259908791EAE1424007F05E3 /* Build configuration list for PBXProject "POCPhenix" */ = {
			isa = XCConfigurationList;
			buildConfigurations = (
				2599088E1EAE1426007F05E3 /* Debug */,
				2599088F1EAE1426007F05E3 /* Release */,
			);
			defaultConfigurationIsVisible = 0;
			defaultConfigurationName = Release;
		};
		259908901EAE1426007F05E3 /* Build configuration list for PBXNativeTarget "POCPhenix" */ = {
			isa = XCConfigurationList;
			buildConfigurations = (
				259908911EAE1426007F05E3 /* Debug */,
				259908921EAE1426007F05E3 /* Release */,
			);
			defaultConfigurationIsVisible = 0;
		};
/* End XCConfigurationList section */
	};
	rootObject = 259908761EAE1424007F05E3 /* Project object */;
}
